
Microsoft Visual Studio Solution File, Format Version 12.00
# Visual Studio Version 16
VisualStudioVersion = 16.0.29519.87
MinimumVisualStudioVersion = 10.0.40219.1
Project("{D954291E-2A0B-460D-934E-DC6B0785DB48}") = "MusicPlayer.Shared", "MusicPlayer.Shared\MusicPlayer.Shared.shproj", "{6279C845-92F8-4333-AB99-3D213163593C}"
EndProject
Project("{FAE04EC0-301F-11D3-BF4B-00C04F79EFBC}") = "MusicPlayer.Droid", "MusicPlayer.Droid\MusicPlayer.Droid.csproj", "{9AFFCB66-C132-4E0C-A357-5C3F9E97A471}"
EndProject
Project("{FAE04EC0-301F-11D3-BF4B-00C04F79EFBC}") = "MusicPlayer.iOS", "MusicPlayer.iOS\MusicPlayer.iOS.csproj", "{EAE336CB-BF1C-4C72-B4DA-88BE02A622F0}"
EndProject
Project("{FAE04EC0-301F-11D3-BF4B-00C04F79EFBC}") = "MusicPlayer.UWP", "MusicPlayer.UWP\MusicPlayer.UWP.csproj", "{40EC332F-EE0A-400B-82CE-268E006A72B0}"
EndProject
Project("{9A19103F-16F7-4668-BE54-9A1E7A4F7556}") = "MusicPlayer.Wasm", "MusicPlayer.Wasm\MusicPlayer.Wasm.csproj", "{3AC710C0-B9D3-4EE7-A589-122D4360E24B}"
EndProject
Global
	GlobalSection(SharedMSBuildProjectFiles) = preSolution
		MusicPlayer.Shared\MusicPlayer.Shared.projitems*{40ec332f-ee0a-400b-82ce-268e006a72b0}*SharedItemsImports = 4
		MusicPlayer.Shared\MusicPlayer.Shared.projitems*{6279c845-92f8-4333-ab99-3d213163593c}*SharedItemsImports = 13
		MusicPlayer.Shared\MusicPlayer.Shared.projitems*{9affcb66-c132-4e0c-a357-5c3f9e97a471}*SharedItemsImports = 4
		MusicPlayer.Shared\MusicPlayer.Shared.projitems*{eae336cb-bf1c-4c72-b4da-88be02a622f0}*SharedItemsImports = 4
	EndGlobalSection
	GlobalSection(SolutionConfigurationPlatforms) = preSolution
		Ad-Hoc|Any CPU = Ad-Hoc|Any CPU
		Ad-Hoc|ARM = Ad-Hoc|ARM
		Ad-Hoc|iPhone = Ad-Hoc|iPhone
		Ad-Hoc|iPhoneSimulator = Ad-Hoc|iPhoneSimulator
		Ad-Hoc|x64 = Ad-Hoc|x64
		Ad-Hoc|x86 = Ad-Hoc|x86
		AppStore|Any CPU = AppStore|Any CPU
		AppStore|ARM = AppStore|ARM
		AppStore|iPhone = AppStore|iPhone
		AppStore|iPhoneSimulator = AppStore|iPhoneSimulator
		AppStore|x64 = AppStore|x64
		AppStore|x86 = AppStore|x86
		Debug|Any CPU = Debug|Any CPU
		Debug|ARM = Debug|ARM
		Debug|iPhone = Debug|iPhone
		Debug|iPhoneSimulator = Debug|iPhoneSimulator
		Debug|x64 = Debug|x64
		Debug|x86 = Debug|x86
		Release|Any CPU = Release|Any CPU
		Release|ARM = Release|ARM
		Release|iPhone = Release|iPhone
		Release|iPhoneSimulator = Release|iPhoneSimulator
		Release|x64 = Release|x64
		Release|x86 = Release|x86
	EndGlobalSection
	GlobalSection(ProjectConfigurationPlatforms) = postSolution
		{9AFFCB66-C132-4E0C-A357-5C3F9E97A471}.Ad-Hoc|Any CPU.ActiveCfg = Release|Any CPU
		{9AFFCB66-C132-4E0C-A357-5C3F9E97A471}.Ad-Hoc|Any CPU.Build.0 = Release|Any CPU
		{9AFFCB66-C132-4E0C-A357-5C3F9E97A471}.Ad-Hoc|Any CPU.Deploy.0 = Release|Any CPU
		{9AFFCB66-C132-4E0C-A357-5C3F9E97A471}.Ad-Hoc|ARM.ActiveCfg = Release|Any CPU
		{9AFFCB66-C132-4E0C-A357-5C3F9E97A471}.Ad-Hoc|ARM.Build.0 = Release|Any CPU
		{9AFFCB66-C132-4E0C-A357-5C3F9E97A471}.Ad-Hoc|ARM.Deploy.0 = Release|Any CPU
		{9AFFCB66-C132-4E0C-A357-5C3F9E97A471}.Ad-Hoc|iPhone.ActiveCfg = Release|Any CPU
		{9AFFCB66-C132-4E0C-A357-5C3F9E97A471}.Ad-Hoc|iPhone.Build.0 = Release|Any CPU
		{9AFFCB66-C132-4E0C-A357-5C3F9E97A471}.Ad-Hoc|iPhone.Deploy.0 = Release|Any CPU
		{9AFFCB66-C132-4E0C-A357-5C3F9E97A471}.Ad-Hoc|iPhoneSimulator.ActiveCfg = Release|Any CPU
		{9AFFCB66-C132-4E0C-A357-5C3F9E97A471}.Ad-Hoc|iPhoneSimulator.Build.0 = Release|Any CPU
		{9AFFCB66-C132-4E0C-A357-5C3F9E97A471}.Ad-Hoc|iPhoneSimulator.Deploy.0 = Release|Any CPU
		{9AFFCB66-C132-4E0C-A357-5C3F9E97A471}.Ad-Hoc|x64.ActiveCfg = Release|Any CPU
		{9AFFCB66-C132-4E0C-A357-5C3F9E97A471}.Ad-Hoc|x64.Build.0 = Release|Any CPU
		{9AFFCB66-C132-4E0C-A357-5C3F9E97A471}.Ad-Hoc|x64.Deploy.0 = Release|Any CPU
		{9AFFCB66-C132-4E0C-A357-5C3F9E97A471}.Ad-Hoc|x86.ActiveCfg = Release|Any CPU
		{9AFFCB66-C132-4E0C-A357-5C3F9E97A471}.Ad-Hoc|x86.Build.0 = Release|Any CPU
		{9AFFCB66-C132-4E0C-A357-5C3F9E97A471}.Ad-Hoc|x86.Deploy.0 = Release|Any CPU
		{9AFFCB66-C132-4E0C-A357-5C3F9E97A471}.AppStore|Any CPU.ActiveCfg = Release|Any CPU
		{9AFFCB66-C132-4E0C-A357-5C3F9E97A471}.AppStore|Any CPU.Build.0 = Release|Any CPU
		{9AFFCB66-C132-4E0C-A357-5C3F9E97A471}.AppStore|Any CPU.Deploy.0 = Release|Any CPU
		{9AFFCB66-C132-4E0C-A357-5C3F9E97A471}.AppStore|ARM.ActiveCfg = Release|Any CPU
		{9AFFCB66-C132-4E0C-A357-5C3F9E97A471}.AppStore|ARM.Build.0 = Release|Any CPU
		{9AFFCB66-C132-4E0C-A357-5C3F9E97A471}.AppStore|ARM.Deploy.0 = Release|Any CPU
		{9AFFCB66-C132-4E0C-A357-5C3F9E97A471}.AppStore|iPhone.ActiveCfg = Release|Any CPU
		{9AFFCB66-C132-4E0C-A357-5C3F9E97A471}.AppStore|iPhone.Build.0 = Release|Any CPU
		{9AFFCB66-C132-4E0C-A357-5C3F9E97A471}.AppStore|iPhone.Deploy.0 = Release|Any CPU
		{9AFFCB66-C132-4E0C-A357-5C3F9E97A471}.AppStore|iPhoneSimulator.ActiveCfg = Release|Any CPU
		{9AFFCB66-C132-4E0C-A357-5C3F9E97A471}.AppStore|iPhoneSimulator.Build.0 = Release|Any CPU
		{9AFFCB66-C132-4E0C-A357-5C3F9E97A471}.AppStore|iPhoneSimulator.Deploy.0 = Release|Any CPU
		{9AFFCB66-C132-4E0C-A357-5C3F9E97A471}.AppStore|x64.ActiveCfg = Release|Any CPU
		{9AFFCB66-C132-4E0C-A357-5C3F9E97A471}.AppStore|x64.Build.0 = Release|Any CPU
		{9AFFCB66-C132-4E0C-A357-5C3F9E97A471}.AppStore|x64.Deploy.0 = Release|Any CPU
		{9AFFCB66-C132-4E0C-A357-5C3F9E97A471}.AppStore|x86.ActiveCfg = Release|Any CPU
		{9AFFCB66-C132-4E0C-A357-5C3F9E97A471}.AppStore|x86.Build.0 = Release|Any CPU
		{9AFFCB66-C132-4E0C-A357-5C3F9E97A471}.AppStore|x86.Deploy.0 = Release|Any CPU
		{9AFFCB66-C132-4E0C-A357-5C3F9E97A471}.Debug|Any CPU.ActiveCfg = Debug|Any CPU
		{9AFFCB66-C132-4E0C-A357-5C3F9E97A471}.Debug|Any CPU.Build.0 = Debug|Any CPU
		{9AFFCB66-C132-4E0C-A357-5C3F9E97A471}.Debug|Any CPU.Deploy.0 = Debug|Any CPU
		{9AFFCB66-C132-4E0C-A357-5C3F9E97A471}.Debug|ARM.ActiveCfg = Debug|Any CPU
		{9AFFCB66-C132-4E0C-A357-5C3F9E97A471}.Debug|ARM.Build.0 = Debug|Any CPU
		{9AFFCB66-C132-4E0C-A357-5C3F9E97A471}.Debug|ARM.Deploy.0 = Debug|Any CPU
		{9AFFCB66-C132-4E0C-A357-5C3F9E97A471}.Debug|iPhone.ActiveCfg = Debug|Any CPU
		{9AFFCB66-C132-4E0C-A357-5C3F9E97A471}.Debug|iPhone.Build.0 = Debug|Any CPU
		{9AFFCB66-C132-4E0C-A357-5C3F9E97A471}.Debug|iPhone.Deploy.0 = Debug|Any CPU
		{9AFFCB66-C132-4E0C-A357-5C3F9E97A471}.Debug|iPhoneSimulator.ActiveCfg = Debug|Any CPU
		{9AFFCB66-C132-4E0C-A357-5C3F9E97A471}.Debug|iPhoneSimulator.Build.0 = Debug|Any CPU
		{9AFFCB66-C132-4E0C-A357-5C3F9E97A471}.Debug|iPhoneSimulator.Deploy.0 = Debug|Any CPU
		{9AFFCB66-C132-4E0C-A357-5C3F9E97A471}.Debug|x64.ActiveCfg = Debug|Any CPU
		{9AFFCB66-C132-4E0C-A357-5C3F9E97A471}.Debug|x64.Build.0 = Debug|Any CPU
		{9AFFCB66-C132-4E0C-A357-5C3F9E97A471}.Debug|x64.Deploy.0 = Debug|Any CPU
		{9AFFCB66-C132-4E0C-A357-5C3F9E97A471}.Debug|x86.ActiveCfg = Debug|Any CPU
		{9AFFCB66-C132-4E0C-A357-5C3F9E97A471}.Debug|x86.Build.0 = Debug|Any CPU
		{9AFFCB66-C132-4E0C-A357-5C3F9E97A471}.Debug|x86.Deploy.0 = Debug|Any CPU
		{9AFFCB66-C132-4E0C-A357-5C3F9E97A471}.Release|Any CPU.ActiveCfg = Release|Any CPU
		{9AFFCB66-C132-4E0C-A357-5C3F9E97A471}.Release|Any CPU.Build.0 = Release|Any CPU
		{9AFFCB66-C132-4E0C-A357-5C3F9E97A471}.Release|Any CPU.Deploy.0 = Release|Any CPU
		{9AFFCB66-C132-4E0C-A357-5C3F9E97A471}.Release|ARM.ActiveCfg = Release|Any CPU
		{9AFFCB66-C132-4E0C-A357-5C3F9E97A471}.Release|ARM.Build.0 = Release|Any CPU
		{9AFFCB66-C132-4E0C-A357-5C3F9E97A471}.Release|ARM.Deploy.0 = Release|Any CPU
		{9AFFCB66-C132-4E0C-A357-5C3F9E97A471}.Release|iPhone.ActiveCfg = Release|Any CPU
		{9AFFCB66-C132-4E0C-A357-5C3F9E97A471}.Release|iPhone.Build.0 = Release|Any CPU
		{9AFFCB66-C132-4E0C-A357-5C3F9E97A471}.Release|iPhone.Deploy.0 = Release|Any CPU
		{9AFFCB66-C132-4E0C-A357-5C3F9E97A471}.Release|iPhoneSimulator.ActiveCfg = Release|Any CPU
		{9AFFCB66-C132-4E0C-A357-5C3F9E97A471}.Release|iPhoneSimulator.Build.0 = Release|Any CPU
		{9AFFCB66-C132-4E0C-A357-5C3F9E97A471}.Release|iPhoneSimulator.Deploy.0 = Release|Any CPU
		{9AFFCB66-C132-4E0C-A357-5C3F9E97A471}.Release|x64.ActiveCfg = Release|Any CPU
		{9AFFCB66-C132-4E0C-A357-5C3F9E97A471}.Release|x64.Build.0 = Release|Any CPU
		{9AFFCB66-C132-4E0C-A357-5C3F9E97A471}.Release|x64.Deploy.0 = Release|Any CPU
		{9AFFCB66-C132-4E0C-A357-5C3F9E97A471}.Release|x86.ActiveCfg = Release|Any CPU
		{9AFFCB66-C132-4E0C-A357-5C3F9E97A471}.Release|x86.Build.0 = Release|Any CPU
		{9AFFCB66-C132-4E0C-A357-5C3F9E97A471}.Release|x86.Deploy.0 = Release|Any CPU
		{EAE336CB-BF1C-4C72-B4DA-88BE02A622F0}.Ad-Hoc|Any CPU.ActiveCfg = Ad-Hoc|iPhone
		{EAE336CB-BF1C-4C72-B4DA-88BE02A622F0}.Ad-Hoc|ARM.ActiveCfg = Ad-Hoc|iPhone
		{EAE336CB-BF1C-4C72-B4DA-88BE02A622F0}.Ad-Hoc|iPhone.ActiveCfg = Ad-Hoc|iPhone
		{EAE336CB-BF1C-4C72-B4DA-88BE02A622F0}.Ad-Hoc|iPhone.Build.0 = Ad-Hoc|iPhone
		{EAE336CB-BF1C-4C72-B4DA-88BE02A622F0}.Ad-Hoc|iPhoneSimulator.ActiveCfg = Ad-Hoc|iPhoneSimulator
		{EAE336CB-BF1C-4C72-B4DA-88BE02A622F0}.Ad-Hoc|iPhoneSimulator.Build.0 = Ad-Hoc|iPhoneSimulator
		{EAE336CB-BF1C-4C72-B4DA-88BE02A622F0}.Ad-Hoc|x64.ActiveCfg = Ad-Hoc|iPhone
		{EAE336CB-BF1C-4C72-B4DA-88BE02A622F0}.Ad-Hoc|x86.ActiveCfg = Ad-Hoc|iPhone
		{EAE336CB-BF1C-4C72-B4DA-88BE02A622F0}.AppStore|Any CPU.ActiveCfg = AppStore|iPhone
		{EAE336CB-BF1C-4C72-B4DA-88BE02A622F0}.AppStore|ARM.ActiveCfg = AppStore|iPhone
		{EAE336CB-BF1C-4C72-B4DA-88BE02A622F0}.AppStore|iPhone.ActiveCfg = AppStore|iPhone
		{EAE336CB-BF1C-4C72-B4DA-88BE02A622F0}.AppStore|iPhone.Build.0 = AppStore|iPhone
		{EAE336CB-BF1C-4C72-B4DA-88BE02A622F0}.AppStore|iPhoneSimulator.ActiveCfg = AppStore|iPhoneSimulator
		{EAE336CB-BF1C-4C72-B4DA-88BE02A622F0}.AppStore|iPhoneSimulator.Build.0 = AppStore|iPhoneSimulator
		{EAE336CB-BF1C-4C72-B4DA-88BE02A622F0}.AppStore|x64.ActiveCfg = AppStore|iPhone
		{EAE336CB-BF1C-4C72-B4DA-88BE02A622F0}.AppStore|x86.ActiveCfg = AppStore|iPhone
		{EAE336CB-BF1C-4C72-B4DA-88BE02A622F0}.Debug|Any CPU.ActiveCfg = Debug|iPhone
		{EAE336CB-BF1C-4C72-B4DA-88BE02A622F0}.Debug|ARM.ActiveCfg = Debug|iPhone
		{EAE336CB-BF1C-4C72-B4DA-88BE02A622F0}.Debug|iPhone.ActiveCfg = Debug|iPhone
		{EAE336CB-BF1C-4C72-B4DA-88BE02A622F0}.Debug|iPhone.Build.0 = Debug|iPhone
		{EAE336CB-BF1C-4C72-B4DA-88BE02A622F0}.Debug|iPhoneSimulator.ActiveCfg = Debug|iPhoneSimulator
		{EAE336CB-BF1C-4C72-B4DA-88BE02A622F0}.Debug|iPhoneSimulator.Build.0 = Debug|iPhoneSimulator
		{EAE336CB-BF1C-4C72-B4DA-88BE02A622F0}.Debug|x64.ActiveCfg = Debug|iPhone
		{EAE336CB-BF1C-4C72-B4DA-88BE02A622F0}.Debug|x86.ActiveCfg = Debug|iPhone
		{EAE336CB-BF1C-4C72-B4DA-88BE02A622F0}.Release|Any CPU.ActiveCfg = Release|iPhone
		{EAE336CB-BF1C-4C72-B4DA-88BE02A622F0}.Release|ARM.ActiveCfg = Release|iPhone
		{EAE336CB-BF1C-4C72-B4DA-88BE02A622F0}.Release|iPhone.ActiveCfg = Release|iPhone
		{EAE336CB-BF1C-4C72-B4DA-88BE02A622F0}.Release|iPhone.Build.0 = Release|iPhone
		{EAE336CB-BF1C-4C72-B4DA-88BE02A622F0}.Release|iPhoneSimulator.ActiveCfg = Release|iPhoneSimulator
		{EAE336CB-BF1C-4C72-B4DA-88BE02A622F0}.Release|iPhoneSimulator.Build.0 = Release|iPhoneSimulator
		{EAE336CB-BF1C-4C72-B4DA-88BE02A622F0}.Release|x64.ActiveCfg = Release|iPhone
		{EAE336CB-BF1C-4C72-B4DA-88BE02A622F0}.Release|x86.ActiveCfg = Release|iPhone
		{40EC332F-EE0A-400B-82CE-268E006A72B0}.Ad-Hoc|Any CPU.ActiveCfg = Release|x64
		{40EC332F-EE0A-400B-82CE-268E006A72B0}.Ad-Hoc|Any CPU.Build.0 = Release|x64
		{40EC332F-EE0A-400B-82CE-268E006A72B0}.Ad-Hoc|Any CPU.Deploy.0 = Release|x64
		{40EC332F-EE0A-400B-82CE-268E006A72B0}.Ad-Hoc|ARM.ActiveCfg = Release|ARM
		{40EC332F-EE0A-400B-82CE-268E006A72B0}.Ad-Hoc|ARM.Build.0 = Release|ARM
		{40EC332F-EE0A-400B-82CE-268E006A72B0}.Ad-Hoc|ARM.Deploy.0 = Release|ARM
		{40EC332F-EE0A-400B-82CE-268E006A72B0}.Ad-Hoc|iPhone.ActiveCfg = Release|x64
		{40EC332F-EE0A-400B-82CE-268E006A72B0}.Ad-Hoc|iPhone.Build.0 = Release|x64
		{40EC332F-EE0A-400B-82CE-268E006A72B0}.Ad-Hoc|iPhone.Deploy.0 = Release|x64
		{40EC332F-EE0A-400B-82CE-268E006A72B0}.Ad-Hoc|iPhoneSimulator.ActiveCfg = Release|x64
		{40EC332F-EE0A-400B-82CE-268E006A72B0}.Ad-Hoc|iPhoneSimulator.Build.0 = Release|x64
		{40EC332F-EE0A-400B-82CE-268E006A72B0}.Ad-Hoc|iPhoneSimulator.Deploy.0 = Release|x64
		{40EC332F-EE0A-400B-82CE-268E006A72B0}.Ad-Hoc|x64.ActiveCfg = Release|x64
		{40EC332F-EE0A-400B-82CE-268E006A72B0}.Ad-Hoc|x64.Build.0 = Release|x64
		{40EC332F-EE0A-400B-82CE-268E006A72B0}.Ad-Hoc|x64.Deploy.0 = Release|x64
		{40EC332F-EE0A-400B-82CE-268E006A72B0}.Ad-Hoc|x86.ActiveCfg = Release|x86
		{40EC332F-EE0A-400B-82CE-268E006A72B0}.Ad-Hoc|x86.Build.0 = Release|x86
		{40EC332F-EE0A-400B-82CE-268E006A72B0}.Ad-Hoc|x86.Deploy.0 = Release|x86
		{40EC332F-EE0A-400B-82CE-268E006A72B0}.AppStore|Any CPU.ActiveCfg = Release|x64
		{40EC332F-EE0A-400B-82CE-268E006A72B0}.AppStore|Any CPU.Build.0 = Release|x64
		{40EC332F-EE0A-400B-82CE-268E006A72B0}.AppStore|Any CPU.Deploy.0 = Release|x64
		{40EC332F-EE0A-400B-82CE-268E006A72B0}.AppStore|ARM.ActiveCfg = Release|ARM
		{40EC332F-EE0A-400B-82CE-268E006A72B0}.AppStore|ARM.Build.0 = Release|ARM
		{40EC332F-EE0A-400B-82CE-268E006A72B0}.AppStore|ARM.Deploy.0 = Release|ARM
		{40EC332F-EE0A-400B-82CE-268E006A72B0}.AppStore|iPhone.ActiveCfg = Release|x64
		{40EC332F-EE0A-400B-82CE-268E006A72B0}.AppStore|iPhone.Build.0 = Release|x64
		{40EC332F-EE0A-400B-82CE-268E006A72B0}.AppStore|iPhone.Deploy.0 = Release|x64
		{40EC332F-EE0A-400B-82CE-268E006A72B0}.AppStore|iPhoneSimulator.ActiveCfg = Release|x64
		{40EC332F-EE0A-400B-82CE-268E006A72B0}.AppStore|iPhoneSimulator.Build.0 = Release|x64
		{40EC332F-EE0A-400B-82CE-268E006A72B0}.AppStore|iPhoneSimulator.Deploy.0 = Release|x64
		{40EC332F-EE0A-400B-82CE-268E006A72B0}.AppStore|x64.ActiveCfg = Release|x64
		{40EC332F-EE0A-400B-82CE-268E006A72B0}.AppStore|x64.Build.0 = Release|x64
		{40EC332F-EE0A-400B-82CE-268E006A72B0}.AppStore|x64.Deploy.0 = Release|x64
		{40EC332F-EE0A-400B-82CE-268E006A72B0}.AppStore|x86.ActiveCfg = Release|x86
		{40EC332F-EE0A-400B-82CE-268E006A72B0}.AppStore|x86.Build.0 = Release|x86
		{40EC332F-EE0A-400B-82CE-268E006A72B0}.AppStore|x86.Deploy.0 = Release|x86
		{40EC332F-EE0A-400B-82CE-268E006A72B0}.Debug|Any CPU.ActiveCfg = Debug|x86
		{40EC332F-EE0A-400B-82CE-268E006A72B0}.Debug|ARM.ActiveCfg = Debug|ARM
		{40EC332F-EE0A-400B-82CE-268E006A72B0}.Debug|ARM.Build.0 = Debug|ARM
		{40EC332F-EE0A-400B-82CE-268E006A72B0}.Debug|ARM.Deploy.0 = Debug|ARM
		{40EC332F-EE0A-400B-82CE-268E006A72B0}.Debug|iPhone.ActiveCfg = Debug|x86
		{40EC332F-EE0A-400B-82CE-268E006A72B0}.Debug|iPhoneSimulator.ActiveCfg = Debug|x86
		{40EC332F-EE0A-400B-82CE-268E006A72B0}.Debug|x64.ActiveCfg = Debug|x64
		{40EC332F-EE0A-400B-82CE-268E006A72B0}.Debug|x64.Build.0 = Debug|x64
		{40EC332F-EE0A-400B-82CE-268E006A72B0}.Debug|x64.Deploy.0 = Debug|x64
		{40EC332F-EE0A-400B-82CE-268E006A72B0}.Debug|x86.ActiveCfg = Debug|x86
		{40EC332F-EE0A-400B-82CE-268E006A72B0}.Debug|x86.Build.0 = Debug|x86
		{40EC332F-EE0A-400B-82CE-268E006A72B0}.Debug|x86.Deploy.0 = Debug|x86
		{40EC332F-EE0A-400B-82CE-268E006A72B0}.Release|Any CPU.ActiveCfg = Release|x86
		{40EC332F-EE0A-400B-82CE-268E006A72B0}.Release|ARM.ActiveCfg = Release|ARM
		{40EC332F-EE0A-400B-82CE-268E006A72B0}.Release|ARM.Build.0 = Release|ARM
		{40EC332F-EE0A-400B-82CE-268E006A72B0}.Release|ARM.Deploy.0 = Release|ARM
		{40EC332F-EE0A-400B-82CE-268E006A72B0}.Release|iPhone.ActiveCfg = Release|x86
		{40EC332F-EE0A-400B-82CE-268E006A72B0}.Release|iPhoneSimulator.ActiveCfg = Release|x86
		{40EC332F-EE0A-400B-82CE-268E006A72B0}.Release|x64.ActiveCfg = Release|x64
		{40EC332F-EE0A-400B-82CE-268E006A72B0}.Release|x64.Build.0 = Release|x64
		{40EC332F-EE0A-400B-82CE-268E006A72B0}.Release|x64.Deploy.0 = Release|x64
		{40EC332F-EE0A-400B-82CE-268E006A72B0}.Release|x86.ActiveCfg = Release|x86
		{40EC332F-EE0A-400B-82CE-268E006A72B0}.Release|x86.Build.0 = Release|x86
		{40EC332F-EE0A-400B-82CE-268E006A72B0}.Release|x86.Deploy.0 = Release|x86
		{3AC710C0-B9D3-4EE7-A589-122D4360E24B}.Ad-Hoc|Any CPU.ActiveCfg = Debug|Any CPU
		{3AC710C0-B9D3-4EE7-A589-122D4360E24B}.Ad-Hoc|Any CPU.Build.0 = Debug|Any CPU
		{3AC710C0-B9D3-4EE7-A589-122D4360E24B}.Ad-Hoc|ARM.ActiveCfg = Debug|Any CPU
		{3AC710C0-B9D3-4EE7-A589-122D4360E24B}.Ad-Hoc|ARM.Build.0 = Debug|Any CPU
		{3AC710C0-B9D3-4EE7-A589-122D4360E24B}.Ad-Hoc|iPhone.ActiveCfg = Debug|Any CPU
		{3AC710C0-B9D3-4EE7-A589-122D4360E24B}.Ad-Hoc|iPhone.Build.0 = Debug|Any CPU
		{3AC710C0-B9D3-4EE7-A589-122D4360E24B}.Ad-Hoc|iPhoneSimulator.ActiveCfg = Debug|Any CPU
		{3AC710C0-B9D3-4EE7-A589-122D4360E24B}.Ad-Hoc|iPhoneSimulator.Build.0 = Debug|Any CPU
		{3AC710C0-B9D3-4EE7-A589-122D4360E24B}.Ad-Hoc|x64.ActiveCfg = Debug|Any CPU
		{3AC710C0-B9D3-4EE7-A589-122D4360E24B}.Ad-Hoc|x64.Build.0 = Debug|Any CPU
		{3AC710C0-B9D3-4EE7-A589-122D4360E24B}.Ad-Hoc|x86.ActiveCfg = Debug|Any CPU
		{3AC710C0-B9D3-4EE7-A589-122D4360E24B}.Ad-Hoc|x86.Build.0 = Debug|Any CPU
		{3AC710C0-B9D3-4EE7-A589-122D4360E24B}.AppStore|Any CPU.ActiveCfg = Debug|Any CPU
		{3AC710C0-B9D3-4EE7-A589-122D4360E24B}.AppStore|Any CPU.Build.0 = Debug|Any CPU
		{3AC710C0-B9D3-4EE7-A589-122D4360E24B}.AppStore|ARM.ActiveCfg = Debug|Any CPU
		{3AC710C0-B9D3-4EE7-A589-122D4360E24B}.AppStore|ARM.Build.0 = Debug|Any CPU
		{3AC710C0-B9D3-4EE7-A589-122D4360E24B}.AppStore|iPhone.ActiveCfg = Debug|Any CPU
		{3AC710C0-B9D3-4EE7-A589-122D4360E24B}.AppStore|iPhone.Build.0 = Debug|Any CPU
		{3AC710C0-B9D3-4EE7-A589-122D4360E24B}.AppStore|iPhoneSimulator.ActiveCfg = Debug|Any CPU
		{3AC710C0-B9D3-4EE7-A589-122D4360E24B}.AppStore|iPhoneSimulator.Build.0 = Debug|Any CPU
		{3AC710C0-B9D3-4EE7-A589-122D4360E24B}.AppStore|x64.ActiveCfg = Debug|Any CPU
		{3AC710C0-B9D3-4EE7-A589-122D4360E24B}.AppStore|x64.Build.0 = Debug|Any CPU
		{3AC710C0-B9D3-4EE7-A589-122D4360E24B}.AppStore|x86.ActiveCfg = Debug|Any CPU
		{3AC710C0-B9D3-4EE7-A589-122D4360E24B}.AppStore|x86.Build.0 = Debug|Any CPU
		{3AC710C0-B9D3-4EE7-A589-122D4360E24B}.Debug|Any CPU.ActiveCfg = Debug|Any CPU
		{3AC710C0-B9D3-4EE7-A589-122D4360E24B}.Debug|Any CPU.Build.0 = Debug|Any CPU
		{3AC710C0-B9D3-4EE7-A589-122D4360E24B}.Debug|ARM.ActiveCfg = Debug|Any CPU
		{3AC710C0-B9D3-4EE7-A589-122D4360E24B}.Debug|ARM.Build.0 = Debug|Any CPU
		{3AC710C0-B9D3-4EE7-A589-122D4360E24B}.Debug|iPhone.ActiveCfg = Debug|Any CPU
		{3AC710C0-B9D3-4EE7-A589-122D4360E24B}.Debug|iPhone.Build.0 = Debug|Any CPU
		{3AC710C0-B9D3-4EE7-A589-122D4360E24B}.Debug|iPhoneSimulator.ActiveCfg = Debug|Any CPU
		{3AC710C0-B9D3-4EE7-A589-122D4360E24B}.Debug|iPhoneSimulator.Build.0 = Debug|Any CPU
		{3AC710C0-B9D3-4EE7-A589-122D4360E24B}.Debug|x64.ActiveCfg = Debug|Any CPU
		{3AC710C0-B9D3-4EE7-A589-122D4360E24B}.Debug|x64.Build.0 = Debug|Any CPU
		{3AC710C0-B9D3-4EE7-A589-122D4360E24B}.Debug|x86.ActiveCfg = Debug|Any CPU
		{3AC710C0-B9D3-4EE7-A589-122D4360E24B}.Debug|x86.Build.0 = Debug|Any CPU
		{3AC710C0-B9D3-4EE7-A589-122D4360E24B}.Release|Any CPU.ActiveCfg = Release|Any CPU
		{3AC710C0-B9D3-4EE7-A589-122D4360E24B}.Release|Any CPU.Build.0 = Release|Any CPU
		{3AC710C0-B9D3-4EE7-A589-122D4360E24B}.Release|ARM.ActiveCfg = Release|Any CPU
		{3AC710C0-B9D3-4EE7-A589-122D4360E24B}.Release|ARM.Build.0 = Release|Any CPU
		{3AC710C0-B9D3-4EE7-A589-122D4360E24B}.Release|iPhone.ActiveCfg = Release|Any CPU
		{3AC710C0-B9D3-4EE7-A589-122D4360E24B}.Release|iPhone.Build.0 = Release|Any CPU
		{3AC710C0-B9D3-4EE7-A589-122D4360E24B}.Release|iPhoneSimulator.ActiveCfg = Release|Any CPU
		{3AC710C0-B9D3-4EE7-A589-122D4360E24B}.Release|iPhoneSimulator.Build.0 = Release|Any CPU
		{3AC710C0-B9D3-4EE7-A589-122D4360E24B}.Release|x64.ActiveCfg = Release|Any CPU
		{3AC710C0-B9D3-4EE7-A589-122D4360E24B}.Release|x64.Build.0 = Release|Any CPU
		{3AC710C0-B9D3-4EE7-A589-122D4360E24B}.Release|x86.ActiveCfg = Release|Any CPU
		{3AC710C0-B9D3-4EE7-A589-122D4360E24B}.Release|x86.Build.0 = Release|Any CPU
	EndGlobalSection
	GlobalSection(SolutionProperties) = preSolution
		HideSolutionNode = FALSE
	EndGlobalSection
	GlobalSection(ExtensibilityGlobals) = postSolution
		SolutionGuid = {006745BE-2CEC-4060-986F-39B8CFDC435A}
	EndGlobalSection
EndGlobal
